
Microsoft Visual Studio Solution File, Format Version 12.00
# Visual Studio Version 16
VisualStudioVersion = 16.0.31727.386
MinimumVisualStudioVersion = 10.0.40219.1
Project("{FAE04EC0-301F-11D3-BF4B-00C04F79EFBC}") = "MyE-Trade", "MyE-Trade\MyE-Trade.csproj", "{EFE5E8EF-E92C-480C-B408-9A6F5C174C91}"
EndProject
Global
	GlobalSection(SolutionConfigurationPlatforms) = preSolution
		Debug|Any CPU = Debug|Any CPU
		Release|Any CPU = Release|Any CPU
	EndGlobalSection
	GlobalSection(ProjectConfigurationPlatforms) = postSolution
		{EFE5E8EF-E92C-480C-B408-9A6F5C174C91}.Debug|Any CPU.ActiveCfg = Debug|Any CPU
		{EFE5E8EF-E92C-480C-B408-9A6F5C174C91}.Debug|Any CPU.Build.0 = Debug|Any CPU
		{EFE5E8EF-E92C-480C-B408-9A6F5C174C91}.Release|Any CPU.ActiveCfg = Release|Any CPU
		{EFE5E8EF-E92C-480C-B408-9A6F5C174C91}.Release|Any CPU.Build.0 = Release|Any CPU
	EndGlobalSection
	GlobalSection(SolutionProperties) = preSolution
		HideSolutionNode = FALSE
	EndGlobalSection
	GlobalSection(ExtensibilityGlobals) = postSolution
		SolutionGuid = {5F608F43-CB4C-4103-ACB0-57182CDDAFB7}
	EndGlobalSection
EndGlobal
